
Microsoft Visual Studio Solution File, Format Version 12.00
# Visual Studio Version 17
VisualStudioVersion = 17.5.33516.290
MinimumVisualStudioVersion = 10.0.40219.1
Project("{FAE04EC0-301F-11D3-BF4B-00C04F79EFBC}") = "net-calculator-tester", "net-calculator-tester\net-calculator-tester.csproj", "{6F70A0FB-016C-48F3-8EC2-89C22E668064}"
EndProject
Project("{FAE04EC0-301F-11D3-BF4B-00C04F79EFBC}") = "CalculatorTests", "CalculatorTests\CalculatorTests.csproj", "{864364A7-9FEE-4E88-AB27-0680A71B1EA6}"
EndProject
Global
	GlobalSection(SolutionConfigurationPlatforms) = preSolution
		Debug|Any CPU = Debug|Any CPU
		Release|Any CPU = Release|Any CPU
	EndGlobalSection
	GlobalSection(ProjectConfigurationPlatforms) = postSolution
		{6F70A0FB-016C-48F3-8EC2-89C22E668064}.Debug|Any CPU.ActiveCfg = Debug|Any CPU
		{6F70A0FB-016C-48F3-8EC2-89C22E668064}.Debug|Any CPU.Build.0 = Debug|Any CPU
		{6F70A0FB-016C-48F3-8EC2-89C22E668064}.Release|Any CPU.ActiveCfg = Release|Any CPU
		{6F70A0FB-016C-48F3-8EC2-89C22E668064}.Release|Any CPU.Build.0 = Release|Any CPU
		{864364A7-9FEE-4E88-AB27-0680A71B1EA6}.Debug|Any CPU.ActiveCfg = Debug|Any CPU
		{864364A7-9FEE-4E88-AB27-0680A71B1EA6}.Debug|Any CPU.Build.0 = Debug|Any CPU
		{864364A7-9FEE-4E88-AB27-0680A71B1EA6}.Release|Any CPU.ActiveCfg = Release|Any CPU
		{864364A7-9FEE-4E88-AB27-0680A71B1EA6}.Release|Any CPU.Build.0 = Release|Any CPU
	EndGlobalSection
	GlobalSection(SolutionProperties) = preSolution
		HideSolutionNode = FALSE
	EndGlobalSection
	GlobalSection(ExtensibilityGlobals) = postSolution
		SolutionGuid = {0BC2646D-0BE4-4606-B8D0-E60C008F200C}
	EndGlobalSection
EndGlobal
